lockfileVersion: 5.4

importers:

  .:
    specifiers:
      husky: ^8.0.1
      json5: ^2.2.1
      mobx: ^6.6.1
    dependencies:
      husky: 8.0.1
      json5: 2.2.1
      mobx: 6.6.1

packages:

  /husky/8.0.1:
    resolution: {integrity: sha512-xs7/chUH/CKdOCs7Zy0Aev9e/dKOMZf3K1Az1nar3tzlv0jfqnYtu235bstsWTmXOR0EfINrPa97yy4Lz6RiKw==}
    engines: {node: '>=14'}
    hasBin: true
    dev: false

  /json5/2.2.1:
    resolution: {integrity: sha512-1hqLFMSrGHRHxav9q9gNjJ5EXznIxGVO09xQRrwplcS8qs28pZ8s8hupZAmqDwZUmVZ2Qb2jnyPOWcDH8m8dlA==}
    engines: {node: '>=6'}
    hasBin: true
    dev: false

  /mobx/6.6.1:
    resolution: {integrity: sha512-7su3UZv5JF+ohLr2opabjbUAERfXstMY+wiBtey8yNAPoB8H187RaQXuhFjNkH8aE4iHbDWnhDFZw0+5ic4nGQ==}
    dev: false
